// !$*UTF8*$!
{
	archiveVersion = 1;
	classes = {
	};
	objectVersion = 77;
	objects = {

/* Begin PBXContainerItemProxy section */
		EA769F1C2F8F601500282F84 /* PBXContainerItemProxy */ = {
			isa = PBXContainerItemProxy;
			containerPortal = EA769F012F8F601500282F84 /* Project object */;
			proxyType = 1;
			remoteGlobalIDString = EA769F082F8F601500282F84;
			remoteInfo = RamMGR;
		};
		EA769F262F8F601500282F84 /* PBXContainerItemProxy */ = {
			isa = PBXContainerItemProxy;
			containerPortal = EA769F012F8F601500282F84 /* Project object */;
			proxyType = 1;
			remoteGlobalIDString = EA769F082F8F601500282F84;
			remoteInfo = RamMGR;
		};
/* End PBXContainerItemProxy section */

/* Begin PBXBuildFile section */
		EA76A1002F8F601500282F84 /* AppIntents.framework in Frameworks */ = {isa = PBXBuildFile; fileRef = EA76A1012F8F601500282F84 /* AppIntents.framework */; };
/* End PBXBuildFile section */

/* Begin PBXFileReference section */
		EA76A1012F8F601500282F84 /* AppIntents.framework */ = {isa = PBXFileReference; lastKnownFileType = wrapper.framework; name = AppIntents.framework; path = System/Library/Frameworks/AppIntents.framework; sourceTree = SDKROOT; };
		EA769F092F8F601500282F84 /* RamMGR.app */ = {isa = PBXFileReference; explicitFileType = wrapper.application; includeInIndex = 0; path = RamMGR.app; sourceTree = BUILT_PRODUCTS_DIR; };
		EA769F1B2F8F601500282F84 /* RamMGRTests.xctest */ = {isa = PBXFileReference; explicitFileType = wrapper.cfbundle; includeInIndex = 0; path = RamMGRTests.xctest; sourceTree = BUILT_PRODUCTS_DIR; };
		EA769F252F8F601500282F84 /* RamMGRUITests.xctest */ = {isa = PBXFileReference; explicitFileType = wrapper.cfbundle; includeInIndex = 0; path = RamMGRUITests.xctest; sourceTree = BUILT_PRODUCTS_DIR; };
/* End PBXFileReference section */

/* Begin PBXFileSystemSynchronizedRootGroup section */
		EA769F0B2F8F601500282F84 /* RamMGR */ = {
			isa = PBXFileSystemSynchronizedRootGroup;
			path = RamMGR;
			sourceTree = "<group>";
		};
		EA769F1E2F8F601500282F84 /* RamMGRTests */ = {
			isa = PBXFileSystemSynchronizedRootGroup;
			path = RamMGRTests;
			sourceTree = "<group>";
		};
		EA769F282F8F601500282F84 /* RamMGRUITests */ = {
			isa = PBXFileSystemSynchronizedRootGroup;
			path = RamMGRUITests;
			sourceTree = "<group>";
		};
/* End PBXFileSystemSynchronizedRootGroup section */

/* Begin PBXFrameworksBuildPhase section */
		EA769F062F8F601500282F84 /* Frameworks */ = {
			isa = PBXFrameworksBuildPhase;
			buildActionMask = 2147483647;
			files = (
				EA76A1002F8F601500282F84 /* AppIntents.framework in Frameworks */,
			);
			runOnlyForDeploymentPostprocessing = 0;
		};
		EA769F182F8F601500282F84 /* Frameworks */ = {
			isa = PBXFrameworksBuildPhase;
			buildActionMask = 2147483647;
			files = (
			);
			runOnlyForDeploymentPostprocessing = 0;
		};
		EA769F222F8F601500282F84 /* Frameworks */ = {
			isa = PBXFrameworksBuildPhase;
			buildActionMask = 2147483647;
			files = (
			);
			runOnlyForDeploymentPostprocessing = 0;
		};
/* End PBXFrameworksBuildPhase section */

/* Begin PBXGroup section */
		EA769F002F8F601500282F84 = {
			isa = PBXGroup;
			children = (
				EA76A1012F8F601500282F84 /* AppIntents.framework */,
				EA769F0B2F8F601500282F84 /* RamMGR */,
				EA769F1E2F8F601500282F84 /* RamMGRTests */,
				EA769F282F8F601500282F84 /* RamMGRUITests */,
				EA769F0A2F8F601500282F84 /* Products */,
			);
			sourceTree = "<group>";
		};
		EA769F0A2F8F601500282F84 /* Products */ = {
			isa = PBXGroup;
			children = (
				EA769F092F8F601500282F84 /* RamMGR.app */,
				EA769F1B2F8F601500282F84 /* RamMGRTests.xctest */,
				EA769F252F8F601500282F84 /* RamMGRUITests.xctest */,
			);
			name = Products;
			sourceTree = "<group>";
		};
/* End PBXGroup section */

/* Begin PBXNativeTarget section */
		EA769F082F8F601500282F84 /* RamMGR */ = {
			isa = PBXNativeTarget;
			buildConfigurationList = EA769F2F2F8F601500282F84 /* Build configuration list for PBXNativeTarget "RamMGR" */;
			buildPhases = (
				EA769F052F8F601500282F84 /* Sources */,
				EA769F062F8F601500282F84 /* Frameworks */,
				EA769F072F8F601500282F84 /* Resources */,
			);
			buildRules = (
			);
			dependencies = (
			);
			fileSystemSynchronizedGroups = (
				EA769F0B2F8F601500282F84 /* RamMGR */,
			);
			name = RamMGR;
			packageProductDependencies = (
			);
			productName = RamMGR;
			productReference = EA769F092F8F601500282F84 /* RamMGR.app */;
			productType = "com.apple.product-type.application";
		};
		EA769F1A2F8F601500282F84 /* RamMGRTests */ = {
			isa = PBXNativeTarget;
			buildConfigurationList = EA769F322F8F601500282F84 /* Build configuration list for PBXNativeTarget "RamMGRTests" */;
			buildPhases = (
				EA769F172F8F601500282F84 /* Sources */,
				EA769F182F8F601500282F84 /* Frameworks */,
				EA769F192F8F601500282F84 /* Resources */,
			);
			buildRules = (
			);
			dependencies = (
				EA769F1D2F8F601500282F84 /* PBXTargetDependency */,
			);
			fileSystemSynchronizedGroups = (
				EA769F1E2F8F601500282F84 /* RamMGRTests */,
			);
			name = RamMGRTests;
			packageProductDependencies = (
			);
			productName = RamMGRTests;
			productReference = EA769F1B2F8F601500282F84 /* RamMGRTests.xctest */;
			productType = "com.apple.product-type.bundle.unit-test";
		};
		EA769F242F8F601500282F84 /* RamMGRUITests */ = {
			isa = PBXNativeTarget;
			buildConfigurationList = EA769F352F8F601500282F84 /* Build configuration list for PBXNativeTarget "RamMGRUITests" */;
			buildPhases = (
				EA769F212F8F601500282F84 /* Sources */,
				EA769F222F8F601500282F84 /* Frameworks */,
				EA769F232F8F601500282F84 /* Resources */,
			);
			buildRules = (
			);
			dependencies = (
				EA769F272F8F601500282F84 /* PBXTargetDependency */,
			);
			fileSystemSynchronizedGroups = (
				EA769F282F8F601500282F84 /* RamMGRUITests */,
			);
			name = RamMGRUITests;
			packageProductDependencies = (
			);
			productName = RamMGRUITests;
			productReference = EA769F252F8F601500282F84 /* RamMGRUITests.xctest */;
			productType = "com.apple.product-type.bundle.ui-testing";
		};
/* End PBXNativeTarget section */

/* Begin PBXProject section */
		EA769F012F8F601500282F84 /* Project object */ = {
			isa = PBXProject;
			attributes = {
				BuildIndependentTargetsInParallel = 1;
				LastSwiftUpdateCheck = 2640;
				LastUpgradeCheck = 2640;
				TargetAttributes = {
					EA769F082F8F601500282F84 = {
						CreatedOnToolsVersion = 26.4;
					};
					EA769F1A2F8F601500282F84 = {
						CreatedOnToolsVersion = 26.4;
						TestTargetID = EA769F082F8F601500282F84;
					};
					EA769F242F8F601500282F84 = {
						CreatedOnToolsVersion = 26.4;
						TestTargetID = EA769F082F8F601500282F84;
					};
				};
			};
			buildConfigurationList = EA769F042F8F601500282F84 /* Build configuration list for PBXProject "RamMGR" */;
			developmentRegion = en;
			hasScannedForEncodings = 0;
			knownRegions = (
				en,
				Base,
			);
			mainGroup = EA769F002F8F601500282F84;
			minimizedProjectReferenceProxies = 1;
			preferredProjectObjectVersion = 77;
			productRefGroup = EA769F0A2F8F601500282F84 /* Products */;
			projectDirPath = "";
			projectRoot = "";
			targets = (
				EA769F082F8F601500282F84 /* RamMGR */,
				EA769F1A2F8F601500282F84 /* RamMGRTests */,
				EA769F242F8F601500282F84 /* RamMGRUITests */,
			);
		};
/* End PBXProject section */

/* Begin PBXResourcesBuildPhase section */
		EA769F072F8F601500282F84 /* Resources */ = {
			isa = PBXResourcesBuildPhase;
			buildActionMask = 2147483647;
			files = (
			);
			runOnlyForDeploymentPostprocessing = 0;
		};
		EA769F192F8F601500282F84 /* Resources */ = {
			isa = PBXResourcesBuildPhase;
			buildActionMask = 2147483647;
			files = (
			);
			runOnlyForDeploymentPostprocessing = 0;
		};
		EA769F232F8F601500282F84 /* Resources */ = {
			isa = PBXResourcesBuildPhase;
			buildActionMask = 2147483647;
			files = (
			);
			runOnlyForDeploymentPostprocessing = 0;
		};
/* End PBXResourcesBuildPhase section */

/* Begin PBXSourcesBuildPhase section */
		EA769F052F8F601500282F84 /* Sources */ = {
			isa = PBXSourcesBuildPhase;
			buildActionMask = 2147483647;
			files = (
			);
			runOnlyForDeploymentPostprocessing = 0;
		};
		EA769F172F8F601500282F84 /* Sources */ = {
			isa = PBXSourcesBuildPhase;
			buildActionMask = 2147483647;
			files = (
			);
			runOnlyForDeploymentPostprocessing = 0;
		};
		EA769F212F8F601500282F84 /* Sources */ = {
			isa = PBXSourcesBuildPhase;
			buildActionMask = 2147483647;
			files = (
			);
			runOnlyForDeploymentPostprocessing = 0;
		};
/* End PBXSourcesBuildPhase section */

/* Begin PBXTargetDependency section */
		EA769F1D2F8F601500282F84 /* PBXTargetDependency */ = {
			isa = PBXTargetDependency;
			target = EA769F082F8F601500282F84 /* RamMGR */;
			targetProxy = EA769F1C2F8F601500282F84 /* PBXContainerItemProxy */;
		};
		EA769F272F8F601500282F84 /* PBXTargetDependency */ = {
			isa = PBXTargetDependency;
			target = EA769F082F8F601500282F84 /* RamMGR */;
			targetProxy = EA769F262F8F601500282F84 /* PBXContainerItemProxy */;
		};
/* End PBXTargetDependency section */

/* Begin XCBuildConfiguration section */
		EA769F2D2F8F601500282F84 /* Debug */ = {
			isa = XCBuildConfiguration;
			buildSettings = {
				ALWAYS_SEARCH_USER_PATHS = NO;
				ASSETCATALOG_COMPILER_GENERATE_SWIFT_ASSET_SYMBOL_EXTENSIONS = YES;
				CLANG_ANALYZER_NONNULL = YES;
				CLANG_ANALYZER_NUMBER_OBJECT_CONVERSION = YES_AGGRESSIVE;
				CLANG_CXX_LANGUAGE_STANDARD = "gnu++20";
				CLANG_ENABLE_MODULES = YES;
				CLANG_ENABLE_OBJC_ARC = YES;
				CLANG_ENABLE_OBJC_WEAK = YES;
				CLANG_WARN_BLOCK_CAPTURE_AUTORELEASING = YES;
				CLANG_WARN_BOOL_CONVERSION = YES;
				CLANG_WARN_COMMA = YES;
				CLANG_WARN_CONSTANT_CONVERSION = YES;
				CLANG_WARN_DEPRECATED_OBJC_IMPLEMENTATIONS = YES;
				CLANG_WARN_DIRECT_OBJC_ISA_USAGE = YES_ERROR;
				CLANG_WARN_DOCUMENTATION_COMMENTS = YES;
				CLANG_WARN_EMPTY_BODY = YES;
				CLANG_WARN_ENUM_CONVERSION = YES;
				CLANG_WARN_INFINITE_RECURSION = YES;
				CLANG_WARN_INT_CONVERSION = YES;
				CLANG_WARN_NON_LITERAL_NULL_CONVERSION = YES;
				CLANG_WARN_OBJC_IMPLICIT_RETAIN_SELF = YES;
				CLANG_WARN_OBJC_LITERAL_CONVERSION = YES;
				CLANG_WARN_OBJC_ROOT_CLASS = YES_ERROR;
				CLANG_WARN_QUOTED_INCLUDE_IN_FRAMEWORK_HEADER = YES;
				CLANG_WARN_RANGE_LOOP_ANALYSIS = YES;
				CLANG_WARN_STRICT_PROTOTYPES = YES;
				CLANG_WARN_SUSPICIOUS_MOVE = YES;
				CLANG_WARN_UNGUARDED_AVAILABILITY = YES_AGGRESSIVE;
				CLANG_WARN_UNREACHABLE_CODE = YES;
				CLANG_WARN__DUPLICATE_METHOD_MATCH = YES;
				COPY_PHASE_STRIP = NO;
				DEBUG_INFORMATION_FORMAT = dwarf;
				DEVELOPMENT_TEAM = B8QLYC5T9U;
				ENABLE_STRICT_OBJC_MSGSEND = YES;
				ENABLE_TESTABILITY = YES;
				ENABLE_USER_SCRIPT_SANDBOXING = YES;
				GCC_C_LANGUAGE_STANDARD = gnu17;
				GCC_DYNAMIC_NO_PIC = NO;
				GCC_NO_COMMON_BLOCKS = YES;
				GCC_OPTIMIZATION_LEVEL = 0;
				GCC_PREPROCESSOR_DEFINITIONS = (
					"DEBUG=1",
					"$(inherited)",
				);
				GCC_WARN_64_TO_32_BIT_CONVERSION = YES;
				GCC_WARN_ABOUT_RETURN_TYPE = YES_ERROR;
				GCC_WARN_UNDECLARED_SELECTOR = YES;
				GCC_WARN_UNINITIALIZED_AUTOS = YES_AGGRESSIVE;
				GCC_WARN_UNUSED_FUNCTION = YES;
				GCC_WARN_UNUSED_VARIABLE = YES;
				LOCALIZATION_PREFERS_STRING_CATALOGS = YES;
				MACOSX_DEPLOYMENT_TARGET = 26.4;
				MTL_ENABLE_DEBUG_INFO = INCLUDE_SOURCE;
				MTL_FAST_MATH = YES;
				ONLY_ACTIVE_ARCH = YES;
				SDKROOT = macosx;
				SWIFT_ACTIVE_COMPILATION_CONDITIONS = "DEBUG $(inherited)";
				SWIFT_OPTIMIZATION_LEVEL = "-Onone";
			};
			name = Debug;
		};
		EA769F2E2F8F601500282F84 /* Release */ = {
			isa = XCBuildConfiguration;
			buildSettings = {
				ALWAYS_SEARCH_USER_PATHS = NO;
				ASSETCATALOG_COMPILER_GENERATE_SWIFT_ASSET_SYMBOL_EXTENSIONS = YES;
				CLANG_ANALYZER_NONNULL = YES;
				CLANG_ANALYZER_NUMBER_OBJECT_CONVERSION = YES_AGGRESSIVE;
				CLANG_CXX_LANGUAGE_STANDARD = "gnu++20";
				CLANG_ENABLE_MODULES = YES;
				CLANG_ENABLE_OBJC_ARC = YES;
				CLANG_ENABLE_OBJC_WEAK = YES;
				CLANG_WARN_BLOCK_CAPTURE_AUTORELEASING = YES;
				CLANG_WARN_BOOL_CONVERSION = YES;
				CLANG_WARN_COMMA = YES;
				CLANG_WARN_CONSTANT_CONVERSION = YES;
				CLANG_WARN_DEPRECATED_OBJC_IMPLEMENTATIONS = YES;
				CLANG_WARN_DIRECT_OBJC_ISA_USAGE = YES_ERROR;
				CLANG_WARN_DOCUMENTATION_COMMENTS = YES;
				CLANG_WARN_EMPTY_BODY = YES;
				CLANG_WARN_ENUM_CONVERSION = YES;
				CLANG_WARN_INFINITE_RECURSION = YES;
				CLANG_WARN_INT_CONVERSION = YES;
				CLANG_WARN_NON_LITERAL_NULL_CONVERSION = YES;
				CLANG_WARN_OBJC_IMPLICIT_RETAIN_SELF = YES;
				CLANG_WARN_OBJC_LITERAL_CONVERSION = YES;
				CLANG_WARN_OBJC_ROOT_CLASS = YES_ERROR;
				CLANG_WARN_QUOTED_INCLUDE_IN_FRAMEWORK_HEADER = YES;
				CLANG_WARN_RANGE_LOOP_ANALYSIS = YES;
				CLANG_WARN_STRICT_PROTOTYPES = YES;
				CLANG_WARN_SUSPICIOUS_MOVE = YES;
				CLANG_WARN_UNGUARDED_AVAILABILITY = YES_AGGRESSIVE;
				CLANG_WARN_UNREACHABLE_CODE = YES;
				CLANG_WARN__DUPLICATE_METHOD_MATCH = YES;
				COPY_PHASE_STRIP = NO;
				DEBUG_INFORMATION_FORMAT = "dwarf-with-dsym";
				DEVELOPMENT_TEAM = B8QLYC5T9U;
				ENABLE_NS_ASSERTIONS = NO;
				ENABLE_STRICT_OBJC_MSGSEND = YES;
				ENABLE_USER_SCRIPT_SANDBOXING = YES;
				GCC_C_LANGUAGE_STANDARD = gnu17;
				GCC_NO_COMMON_BLOCKS = YES;
				GCC_WARN_64_TO_32_BIT_CONVERSION = YES;
				GCC_WARN_ABOUT_RETURN_TYPE = YES_ERROR;
				GCC_WARN_UNDECLARED_SELECTOR = YES;
				GCC_WARN_UNINITIALIZED_AUTOS = YES_AGGRESSIVE;
				GCC_WARN_UNUSED_FUNCTION = YES;
				GCC_WARN_UNUSED_VARIABLE = YES;
				LOCALIZATION_PREFERS_STRING_CATALOGS = YES;
				MACOSX_DEPLOYMENT_TARGET = 26.4;
				MTL_ENABLE_DEBUG_INFO = NO;
				MTL_FAST_MATH = YES;
				SDKROOT = macosx;
				SWIFT_COMPILATION_MODE = wholemodule;
			};
			name = Release;
		};
		EA769F302F8F601500282F84 /* Debug */ = {
			isa = XCBuildConfiguration;
			buildSettings = {
				ASSETCATALOG_COMPILER_APPICON_NAME = AppIcon;
				ASSETCATALOG_COMPILER_GLOBAL_ACCENT_COLOR_NAME = AccentColor;
				CODE_SIGN_STYLE = Automatic;
				COMBINE_HIDPI_IMAGES = YES;
				CURRENT_PROJECT_VERSION = 1;
				DEVELOPMENT_TEAM = B8QLYC5T9U;
				ENABLE_APP_SANDBOX = YES;
				ENABLE_HARDENED_RUNTIME = YES;
				ENABLE_PREVIEWS = YES;
				ENABLE_USER_SELECTED_FILES = readonly;
				GENERATE_APP_INTENTS_METADATA = NO;
				GENERATE_INFOPLIST_FILE = YES;
				INFOPLIST_KEY_CFBundleIconFile = AppIcon.icns;
				INFOPLIST_KEY_CFBundleIconName = AppIcon;
				INFOPLIST_KEY_NSHumanReadableCopyright = "";
				LD_RUNPATH_SEARCH_PATHS = (
					"$(inherited)",
					"@executable_path/../Frameworks",
				);
				MARKETING_VERSION = 1.0;
				PRODUCT_BUNDLE_IDENTIFIER = KellamAdams.RamMGR;
				PRODUCT_NAME = "$(TARGET_NAME)";
				REGISTER_APP_GROUPS = YES;
				STRING_CATALOG_GENERATE_SYMBOLS = YES;
				SWIFT_APPROACHABLE_CONCURRENCY = YES;
				SWIFT_DEFAULT_ACTOR_ISOLATION = MainActor;
				SWIFT_EMIT_LOC_STRINGS = YES;
				SWIFT_UPCOMING_FEATURE_MEMBER_IMPORT_VISIBILITY = YES;
				SWIFT_VERSION = 5.0;
			};
			name = Debug;
		};
		EA769F312F8F601500282F84 /* Release */ = {
			isa = XCBuildConfiguration;
			buildSettings = {
				ASSETCATALOG_COMPILER_APPICON_NAME = AppIcon;
				ASSETCATALOG_COMPILER_GLOBAL_ACCENT_COLOR_NAME = AccentColor;
				CODE_SIGN_STYLE = Automatic;
				COMBINE_HIDPI_IMAGES = YES;
				CURRENT_PROJECT_VERSION = 1;
				DEVELOPMENT_TEAM = B8QLYC5T9U;
				ENABLE_APP_SANDBOX = YES;
				ENABLE_HARDENED_RUNTIME = YES;
				ENABLE_PREVIEWS = YES;
				ENABLE_USER_SELECTED_FILES = readonly;
				GENERATE_APP_INTENTS_METADATA = NO;
				GENERATE_INFOPLIST_FILE = YES;
				INFOPLIST_KEY_CFBundleIconFile = AppIcon.icns;
				INFOPLIST_KEY_CFBundleIconName = AppIcon;
				INFOPLIST_KEY_NSHumanReadableCopyright = "";
				LD_RUNPATH_SEARCH_PATHS = (
					"$(inherited)",
					"@executable_path/../Frameworks",
				);
				MARKETING_VERSION = 1.0;
				PRODUCT_BUNDLE_IDENTIFIER = KellamAdams.RamMGR;
				PRODUCT_NAME = "$(TARGET_NAME)";
				REGISTER_APP_GROUPS = YES;
				STRING_CATALOG_GENERATE_SYMBOLS = YES;
				SWIFT_APPROACHABLE_CONCURRENCY = YES;
				SWIFT_DEFAULT_ACTOR_ISOLATION = MainActor;
				SWIFT_EMIT_LOC_STRINGS = YES;
				SWIFT_UPCOMING_FEATURE_MEMBER_IMPORT_VISIBILITY = YES;
				SWIFT_VERSION = 5.0;
			};
			name = Release;
		};
		EA769F332F8F601500282F84 /* Debug */ = {
			isa = XCBuildConfiguration;
			buildSettings = {
				BUNDLE_LOADER = "$(TEST_HOST)";
				CODE_SIGN_STYLE = Automatic;
				CURRENT_PROJECT_VERSION = 1;
				DEVELOPMENT_TEAM = B8QLYC5T9U;
				GENERATE_INFOPLIST_FILE = YES;
				MACOSX_DEPLOYMENT_TARGET = 26.4;
				MARKETING_VERSION = 1.0;
				PRODUCT_BUNDLE_IDENTIFIER = KellamAdams.RamMGRTests;
				PRODUCT_NAME = "$(TARGET_NAME)";
				STRING_CATALOG_GENERATE_SYMBOLS = NO;
				SWIFT_APPROACHABLE_CONCURRENCY = YES;
				SWIFT_EMIT_LOC_STRINGS = NO;
				SWIFT_UPCOMING_FEATURE_MEMBER_IMPORT_VISIBILITY = YES;
				SWIFT_VERSION = 5.0;
				TEST_HOST = "$(BUILT_PRODUCTS_DIR)/RamMGR.app/$(BUNDLE_EXECUTABLE_FOLDER_PATH)/RamMGR";
			};
			name = Debug;
		};
		EA769F342F8F601500282F84 /* Release */ = {
			isa = XCBuildConfiguration;
			buildSettings = {
				BUNDLE_LOADER = "$(TEST_HOST)";
				CODE_SIGN_STYLE = Automatic;
				CURRENT_PROJECT_VERSION = 1;
				DEVELOPMENT_TEAM = B8QLYC5T9U;
				GENERATE_INFOPLIST_FILE = YES;
				MACOSX_DEPLOYMENT_TARGET = 26.4;
				MARKETING_VERSION = 1.0;
				PRODUCT_BUNDLE_IDENTIFIER = KellamAdams.RamMGRTests;
				PRODUCT_NAME = "$(TARGET_NAME)";
				STRING_CATALOG_GENERATE_SYMBOLS = NO;
				SWIFT_APPROACHABLE_CONCURRENCY = YES;
				SWIFT_EMIT_LOC_STRINGS = NO;
				SWIFT_UPCOMING_FEATURE_MEMBER_IMPORT_VISIBILITY = YES;
				SWIFT_VERSION = 5.0;
				TEST_HOST = "$(BUILT_PRODUCTS_DIR)/RamMGR.app/$(BUNDLE_EXECUTABLE_FOLDER_PATH)/RamMGR";
			};
			name = Release;
		};
		EA769F362F8F601500282F84 /* Debug */ = {
			isa = XCBuildConfiguration;
			buildSettings = {
				CODE_SIGN_STYLE = Automatic;
				CURRENT_PROJECT_VERSION = 1;
				DEVELOPMENT_TEAM = B8QLYC5T9U;
				GENERATE_INFOPLIST_FILE = YES;
				MARKETING_VERSION = 1.0;
				PRODUCT_BUNDLE_IDENTIFIER = KellamAdams.RamMGRUITests;
				PRODUCT_NAME = "$(TARGET_NAME)";
				STRING_CATALOG_GENERATE_SYMBOLS = NO;
				SWIFT_APPROACHABLE_CONCURRENCY = YES;
				SWIFT_EMIT_LOC_STRINGS = NO;
				SWIFT_UPCOMING_FEATURE_MEMBER_IMPORT_VISIBILITY = YES;
				SWIFT_VERSION = 5.0;
				TEST_TARGET_NAME = RamMGR;
			};
			name = Debug;
		};
		EA769F372F8F601500282F84 /* Release */ = {
			isa = XCBuildConfiguration;
			buildSettings = {
				CODE_SIGN_STYLE = Automatic;
				CURRENT_PROJECT_VERSION = 1;
				DEVELOPMENT_TEAM = B8QLYC5T9U;
				GENERATE_INFOPLIST_FILE = YES;
				MARKETING_VERSION = 1.0;
				PRODUCT_BUNDLE_IDENTIFIER = KellamAdams.RamMGRUITests;
				PRODUCT_NAME = "$(TARGET_NAME)";
				STRING_CATALOG_GENERATE_SYMBOLS = NO;
				SWIFT_APPROACHABLE_CONCURRENCY = YES;
				SWIFT_EMIT_LOC_STRINGS = NO;
				SWIFT_UPCOMING_FEATURE_MEMBER_IMPORT_VISIBILITY = YES;
				SWIFT_VERSION = 5.0;
				TEST_TARGET_NAME = RamMGR;
			};
			name = Release;
		};
/* End XCBuildConfiguration section */

/* Begin XCConfigurationList section */
		EA769F042F8F601500282F84 /* Build configuration list for PBXProject "RamMGR" */ = {
			isa = XCConfigurationList;
			buildConfigurations = (
				EA769F2D2F8F601500282F84 /* Debug */,
				EA769F2E2F8F601500282F84 /* Release */,
			);
			defaultConfigurationIsVisible = 0;
			defaultConfigurationName = Release;
		};
		EA769F2F2F8F601500282F84 /* Build configuration list for PBXNativeTarget "RamMGR" */ = {
			isa = XCConfigurationList;
			buildConfigurations = (
				EA769F302F8F601500282F84 /* Debug */,
				EA769F312F8F601500282F84 /* Release */,
			);
			defaultConfigurationIsVisible = 0;
			defaultConfigurationName = Release;
		};
		EA769F322F8F601500282F84 /* Build configuration list for PBXNativeTarget "RamMGRTests" */ = {
			isa = XCConfigurationList;
			buildConfigurations = (
				EA769F332F8F601500282F84 /* Debug */,
				EA769F342F8F601500282F84 /* Release */,
			);
			defaultConfigurationIsVisible = 0;
			defaultConfigurationName = Release;
		};
		EA769F352F8F601500282F84 /* Build configuration list for PBXNativeTarget "RamMGRUITests" */ = {
			isa = XCConfigurationList;
			buildConfigurations = (
				EA769F362F8F601500282F84 /* Debug */,
				EA769F372F8F601500282F84 /* Release */,
			);
			defaultConfigurationIsVisible = 0;
			defaultConfigurationName = Release;
		};
/* End XCConfigurationList section */
	};
	rootObject = EA769F012F8F601500282F84 /* Project object */;
}
